{
  "name": "@margosha881/ajs2",
  "version": "1.0.0",
  "lockfileVersion": 3,
  "requires": true,
  "packages": {
    "": {
      "name": "@margosha881/ajs2",
      "version": "1.0.0",
      "license": "ISC",
      "dependencies": {
        "@margosha881/ajs": "^1.0.0"
      }
    },
    "node_modules/@margosha881/ajs": {
      "version": "1.0.0",
      "resolved": "https://npm.pkg.github.com/download/@margosha881/ajs/1.0.0/ad6063d4fdf500f52d12a5ff16863b756cf5d9cf",
      "integrity": "sha512-6ail+UiF+H5UhuD66315JkcUjPbm1zzYprSL9snYaYnmcCoCxQCxkUH6NjcpryolD2u1JN7u3n0QtrGiuQhQtg==",
      "license": "ISC"
    }
  }
}
